
Microsoft Visual Studio Solution File, Format Version 12.00
# Visual Studio Version 17
VisualStudioVersion = 17.9.34701.34
MinimumVisualStudioVersion = 10.0.40219.1
Project("{9A19103F-16F7-4668-BE54-9A1E7A4F7556}") = "GP2_Group1_WebScrapingSelenium", "GP2_Group1_WebScrapingSelenium.csproj", "{E62443A6-68BE-4236-97D7-9DF4A0816EDE}"
EndProject
Global
	GlobalSection(SolutionConfigurationPlatforms) = preSolution
		Debug|Any CPU = Debug|Any CPU
		Release|Any CPU = Release|Any CPU
	EndGlobalSection
	GlobalSection(ProjectConfigurationPlatforms) = postSolution
		{E62443A6-68BE-4236-97D7-9DF4A0816EDE}.Debug|Any CPU.ActiveCfg = Debug|Any CPU
		{E62443A6-68BE-4236-97D7-9DF4A0816EDE}.Debug|Any CPU.Build.0 = Debug|Any CPU
		{E62443A6-68BE-4236-97D7-9DF4A0816EDE}.Release|Any CPU.ActiveCfg = Release|Any CPU
		{E62443A6-68BE-4236-97D7-9DF4A0816EDE}.Release|Any CPU.Build.0 = Release|Any CPU
	EndGlobalSection
	GlobalSection(SolutionProperties) = preSolution
		HideSolutionNode = FALSE
	EndGlobalSection
	GlobalSection(ExtensibilityGlobals) = postSolution
		SolutionGuid = {BA635EB3-6174-4597-AD33-BE8218BA0394}
	EndGlobalSection
EndGlobal
